
Microsoft Visual Studio Solution File, Format Version 12.00
# Visual Studio Version 16
VisualStudioVersion = 16.0.34729.46
MinimumVisualStudioVersion = 10.0.40219.1
Project("{FAE04EC0-301F-11D3-BF4B-00C04F79EFBC}") = "ejemplo1", "ejemplo1\ejemplo1.csproj", "{CFEF3AC7-94DB-4E19-9714-0CF567CD72BF}"
EndProject
Project("{FAE04EC0-301F-11D3-BF4B-00C04F79EFBC}") = "Ejemplo2", "Ejemplo2\Ejemplo2.csproj", "{6C19A7E7-C6CD-42CC-8AA8-EDB693333FB9}"
EndProject
Project("{FAE04EC0-301F-11D3-BF4B-00C04F79EFBC}") = "Ejemplo3", "Ejemplo3\Ejemplo3.csproj", "{18C20EDA-63F6-4026-9107-184C8C2876C0}"
EndProject
Global
	GlobalSection(SolutionConfigurationPlatforms) = preSolution
		Debug|Any CPU = Debug|Any CPU
		Release|Any CPU = Release|Any CPU
	EndGlobalSection
	GlobalSection(ProjectConfigurationPlatforms) = postSolution
		{CFEF3AC7-94DB-4E19-9714-0CF567CD72BF}.Debug|Any CPU.ActiveCfg = Debug|Any CPU
		{CFEF3AC7-94DB-4E19-9714-0CF567CD72BF}.Debug|Any CPU.Build.0 = Debug|Any CPU
		{CFEF3AC7-94DB-4E19-9714-0CF567CD72BF}.Release|Any CPU.ActiveCfg = Release|Any CPU
		{CFEF3AC7-94DB-4E19-9714-0CF567CD72BF}.Release|Any CPU.Build.0 = Release|Any CPU
		{6C19A7E7-C6CD-42CC-8AA8-EDB693333FB9}.Debug|Any CPU.ActiveCfg = Debug|Any CPU
		{6C19A7E7-C6CD-42CC-8AA8-EDB693333FB9}.Debug|Any CPU.Build.0 = Debug|Any CPU
		{6C19A7E7-C6CD-42CC-8AA8-EDB693333FB9}.Release|Any CPU.ActiveCfg = Release|Any CPU
		{6C19A7E7-C6CD-42CC-8AA8-EDB693333FB9}.Release|Any CPU.Build.0 = Release|Any CPU
		{18C20EDA-63F6-4026-9107-184C8C2876C0}.Debug|Any CPU.ActiveCfg = Debug|Any CPU
		{18C20EDA-63F6-4026-9107-184C8C2876C0}.Debug|Any CPU.Build.0 = Debug|Any CPU
		{18C20EDA-63F6-4026-9107-184C8C2876C0}.Release|Any CPU.ActiveCfg = Release|Any CPU
		{18C20EDA-63F6-4026-9107-184C8C2876C0}.Release|Any CPU.Build.0 = Release|Any CPU
	EndGlobalSection
	GlobalSection(SolutionProperties) = preSolution
		HideSolutionNode = FALSE
	EndGlobalSection
	GlobalSection(ExtensibilityGlobals) = postSolution
		SolutionGuid = {5421BBD0-ABFA-4CB7-8537-45E8CA3D31CF}
	EndGlobalSection
EndGlobal
